
Microsoft Visual Studio Solution File, Format Version 12.00
# Visual Studio Version 16
VisualStudioVersion = 16.0.30907.101
MinimumVisualStudioVersion = 10.0.40219.1
Project("{8BC9CEB8-8B4A-11D0-8D11-00A0C91BC942}") = "3socks", "3socks\3socks.vcxproj", "{1AEADF1E-B05D-4C0D-8790-2A272B42966E}"
EndProject
Global
	GlobalSection(SolutionConfigurationPlatforms) = preSolution
		Debug|x64 = Debug|x64
		Debug|x86 = Debug|x86
		Release|x64 = Release|x64
		Release|x86 = Release|x86
	EndGlobalSection
	GlobalSection(ProjectConfigurationPlatforms) = postSolution
		{1AEADF1E-B05D-4C0D-8790-2A272B42966E}.Debug|x64.ActiveCfg = Debug|x64
		{1AEADF1E-B05D-4C0D-8790-2A272B42966E}.Debug|x64.Build.0 = Debug|x64
		{1AEADF1E-B05D-4C0D-8790-2A272B42966E}.Debug|x86.ActiveCfg = Debug|Win32
		{1AEADF1E-B05D-4C0D-8790-2A272B42966E}.Debug|x86.Build.0 = Debug|Win32
		{1AEADF1E-B05D-4C0D-8790-2A272B42966E}.Release|x64.ActiveCfg = Release|x64
		{1AEADF1E-B05D-4C0D-8790-2A272B42966E}.Release|x64.Build.0 = Release|x64
		{1AEADF1E-B05D-4C0D-8790-2A272B42966E}.Release|x86.ActiveCfg = Release|Win32
		{1AEADF1E-B05D-4C0D-8790-2A272B42966E}.Release|x86.Build.0 = Release|Win32
	EndGlobalSection
	GlobalSection(SolutionProperties) = preSolution
		HideSolutionNode = FALSE
	EndGlobalSection
	GlobalSection(ExtensibilityGlobals) = postSolution
		SolutionGuid = {D508C191-350B-4A56-A0C8-5A7DFB8E4300}
	EndGlobalSection
EndGlobal
